
Microsoft Visual Studio Solution File, Format Version 12.00
# Visual Studio 16
Project("{FAE04EC0-301F-11D3-BF4B-00C04F79EFBC}") = "Assembly-CSharp", "Assembly-CSharp.csproj", "{5AF78DF5-B8BD-CBA8-BEB0-DF1DAC9C494B}"
EndProject
Project("{FAE04EC0-301F-11D3-BF4B-00C04F79EFBC}") = "Assembly-CSharp-firstpass", "Assembly-CSharp-firstpass.csproj", "{DEFFBCEA-865A-213B-61CB-8858EA56F4EE}"
EndProject
Project("{FAE04EC0-301F-11D3-BF4B-00C04F79EFBC}") = "Assembly-CSharp-Editor-firstpass", "Assembly-CSharp-Editor-firstpass.csproj", "{081584CC-B89D-3651-D47D-3C2578755ADB}"
EndProject
Global
	GlobalSection(SolutionConfigurationPlatforms) = preSolution
		Debug|Any CPU = Debug|Any CPU
		Release|Any CPU = Release|Any CPU
	EndGlobalSection
	GlobalSection(ProjectConfigurationPlatforms) = postSolution
		{5AF78DF5-B8BD-CBA8-BEB0-DF1DAC9C494B}.Debug|Any CPU.ActiveCfg = Debug|Any CPU
		{5AF78DF5-B8BD-CBA8-BEB0-DF1DAC9C494B}.Debug|Any CPU.Build.0 = Debug|Any CPU
		{5AF78DF5-B8BD-CBA8-BEB0-DF1DAC9C494B}.Release|Any CPU.ActiveCfg = Release|Any CPU
		{5AF78DF5-B8BD-CBA8-BEB0-DF1DAC9C494B}.Release|Any CPU.Build.0 = Release|Any CPU
		{DEFFBCEA-865A-213B-61CB-8858EA56F4EE}.Debug|Any CPU.ActiveCfg = Debug|Any CPU
		{DEFFBCEA-865A-213B-61CB-8858EA56F4EE}.Debug|Any CPU.Build.0 = Debug|Any CPU
		{DEFFBCEA-865A-213B-61CB-8858EA56F4EE}.Release|Any CPU.ActiveCfg = Release|Any CPU
		{DEFFBCEA-865A-213B-61CB-8858EA56F4EE}.Release|Any CPU.Build.0 = Release|Any CPU
		{081584CC-B89D-3651-D47D-3C2578755ADB}.Debug|Any CPU.ActiveCfg = Debug|Any CPU
		{081584CC-B89D-3651-D47D-3C2578755ADB}.Debug|Any CPU.Build.0 = Debug|Any CPU
		{081584CC-B89D-3651-D47D-3C2578755ADB}.Release|Any CPU.ActiveCfg = Release|Any CPU
		{081584CC-B89D-3651-D47D-3C2578755ADB}.Release|Any CPU.Build.0 = Release|Any CPU
	EndGlobalSection
	GlobalSection(SolutionProperties) = preSolution
		HideSolutionNode = FALSE
	EndGlobalSection
	GlobalSection(MonoDevelopProperties) = preSolution
		StartupItem = Assembly-CSharp.csproj
	EndGlobalSection
EndGlobal
