
Microsoft Visual Studio Solution File, Format Version 12.00
# Visual Studio 16
Project("{FAE04EC0-301F-11D3-BF4B-00C04F79EFBC}") = "Assembly-CSharp", "Assembly-CSharp.csproj", "{42EFEFAA-12B7-7458-3116-C0CFDC5A4C71}"
EndProject
Project("{FAE04EC0-301F-11D3-BF4B-00C04F79EFBC}") = "Assembly-CSharp-Editor", "Assembly-CSharp-Editor.csproj", "{B776C30B-FE65-0DCD-3112-90DB4399577B}"
EndProject
Global
	GlobalSection(SolutionConfigurationPlatforms) = preSolution
		Debug|Any CPU = Debug|Any CPU
		Release|Any CPU = Release|Any CPU
	EndGlobalSection
	GlobalSection(ProjectConfigurationPlatforms) = postSolution
		{42EFEFAA-12B7-7458-3116-C0CFDC5A4C71}.Debug|Any CPU.ActiveCfg = Debug|Any CPU
		{42EFEFAA-12B7-7458-3116-C0CFDC5A4C71}.Debug|Any CPU.Build.0 = Debug|Any CPU
		{42EFEFAA-12B7-7458-3116-C0CFDC5A4C71}.Release|Any CPU.ActiveCfg = Release|Any CPU
		{42EFEFAA-12B7-7458-3116-C0CFDC5A4C71}.Release|Any CPU.Build.0 = Release|Any CPU
		{B776C30B-FE65-0DCD-3112-90DB4399577B}.Debug|Any CPU.ActiveCfg = Debug|Any CPU
		{B776C30B-FE65-0DCD-3112-90DB4399577B}.Debug|Any CPU.Build.0 = Debug|Any CPU
		{B776C30B-FE65-0DCD-3112-90DB4399577B}.Release|Any CPU.ActiveCfg = Release|Any CPU
		{B776C30B-FE65-0DCD-3112-90DB4399577B}.Release|Any CPU.Build.0 = Release|Any CPU
	EndGlobalSection
	GlobalSection(SolutionProperties) = preSolution
		HideSolutionNode = FALSE
	EndGlobalSection
EndGlobal
